{
  "name": "parcelAgain",
  "version": "1.0.0",
  "lockfileVersion": 2,
  "requires": true,
  "packages": {
    "": {
      "name": "parcelAgain",
      "version": "1.0.0",
      "license": "ISC",
      "dependencies": {
        "chart.js": "^3.5.1",
        "install": "^0.13.0",
        "simple-number-formatter": "^1.0.0",
        "snackbar": "^1.1.0"
      }
    },
    "node_modules/chart.js": {
      "version": "3.5.1",
      "resolved": "https://registry.npmjs.org/chart.js/-/chart.js-3.5.1.tgz",
      "integrity": "sha512-m5kzt72I1WQ9LILwQC4syla/LD/N413RYv2Dx2nnTkRS9iv/ey1xLTt0DnPc/eWV4zI+BgEgDYBIzbQhZHc/PQ=="
    },
    "node_modules/install": {
      "version": "0.13.0",
      "resolved": "https://registry.npmjs.org/install/-/install-0.13.0.tgz",
      "integrity": "sha512-zDml/jzr2PKU9I8J/xyZBQn8rPCAY//UOYNmR01XwNwyfhEWObo2SWfSl1+0tm1u6PhxLwDnfsT/6jB7OUxqFA==",
      "engines": {
        "node": ">= 0.10"
      }
    },
    "node_modules/merge": {
      "version": "1.2.1",
      "resolved": "https://registry.npmjs.org/merge/-/merge-1.2.1.tgz",
      "integrity": "sha512-VjFo4P5Whtj4vsLzsYBu5ayHhoHJ0UqNm7ibvShmbmoz7tGi0vXaoJbGdB+GmDMLUdg8DpQXEIeVDAe8MaABvQ=="
    },
    "node_modules/simple-number-formatter": {
      "version": "1.0.0",
      "resolved": "https://registry.npmjs.org/simple-number-formatter/-/simple-number-formatter-1.0.0.tgz",
      "integrity": "sha1-22E6w0wUPgQzpun2T4E85Z6a+hM=",
      "dependencies": {
        "merge": "^1.2.0"
      },
      "engines": {
        "node": ">=0.10.0"
      }
    },
    "node_modules/snackbar": {
      "version": "1.1.0",
      "resolved": "https://registry.npmjs.org/snackbar/-/snackbar-1.1.0.tgz",
      "integrity": "sha512-gU03hDQqfIZEcfcUZtMwmVTjy0g3FSNhWlO2L7z78JK6rS487GPPQ8wfprD0fY9DBfUjHPqjfj2CT6lvdD7Lkg=="
    }
  },
  "dependencies": {
    "chart.js": {
      "version": "3.5.1",
      "resolved": "https://registry.npmjs.org/chart.js/-/chart.js-3.5.1.tgz",
      "integrity": "sha512-m5kzt72I1WQ9LILwQC4syla/LD/N413RYv2Dx2nnTkRS9iv/ey1xLTt0DnPc/eWV4zI+BgEgDYBIzbQhZHc/PQ=="
    },
    "install": {
      "version": "0.13.0",
      "resolved": "https://registry.npmjs.org/install/-/install-0.13.0.tgz",
      "integrity": "sha512-zDml/jzr2PKU9I8J/xyZBQn8rPCAY//UOYNmR01XwNwyfhEWObo2SWfSl1+0tm1u6PhxLwDnfsT/6jB7OUxqFA=="
    },
    "merge": {
      "version": "1.2.1",
      "resolved": "https://registry.npmjs.org/merge/-/merge-1.2.1.tgz",
      "integrity": "sha512-VjFo4P5Whtj4vsLzsYBu5ayHhoHJ0UqNm7ibvShmbmoz7tGi0vXaoJbGdB+GmDMLUdg8DpQXEIeVDAe8MaABvQ=="
    },
    "simple-number-formatter": {
      "version": "1.0.0",
      "resolved": "https://registry.npmjs.org/simple-number-formatter/-/simple-number-formatter-1.0.0.tgz",
      "integrity": "sha1-22E6w0wUPgQzpun2T4E85Z6a+hM=",
      "requires": {
        "merge": "^1.2.0"
      }
    },
    "snackbar": {
      "version": "1.1.0",
      "resolved": "https://registry.npmjs.org/snackbar/-/snackbar-1.1.0.tgz",
      "integrity": "sha512-gU03hDQqfIZEcfcUZtMwmVTjy0g3FSNhWlO2L7z78JK6rS487GPPQ8wfprD0fY9DBfUjHPqjfj2CT6lvdD7Lkg=="
    }
  }
}
